
Microsoft Visual Studio Solution File, Format Version 12.00
# Visual Studio Version 16
VisualStudioVersion = 16.0.32407.337
MinimumVisualStudioVersion = 10.0.40219.1
Project("{FAE04EC0-301F-11D3-BF4B-00C04F79EFBC}") = "EntityFrameworkAssignment3", "EntityFrameworkAssignment3\EntityFrameworkAssignment3.csproj", "{0FABCB08-A8BE-4D3E-94D0-E8D0EFF86685}"
EndProject
Global
	GlobalSection(SolutionConfigurationPlatforms) = preSolution
		Debug|Any CPU = Debug|Any CPU
		Release|Any CPU = Release|Any CPU
	EndGlobalSection
	GlobalSection(ProjectConfigurationPlatforms) = postSolution
		{0FABCB08-A8BE-4D3E-94D0-E8D0EFF86685}.Debug|Any CPU.ActiveCfg = Debug|Any CPU
		{0FABCB08-A8BE-4D3E-94D0-E8D0EFF86685}.Debug|Any CPU.Build.0 = Debug|Any CPU
		{0FABCB08-A8BE-4D3E-94D0-E8D0EFF86685}.Release|Any CPU.ActiveCfg = Release|Any CPU
		{0FABCB08-A8BE-4D3E-94D0-E8D0EFF86685}.Release|Any CPU.Build.0 = Release|Any CPU
	EndGlobalSection
	GlobalSection(SolutionProperties) = preSolution
		HideSolutionNode = FALSE
	EndGlobalSection
	GlobalSection(ExtensibilityGlobals) = postSolution
		SolutionGuid = {33876408-8F6D-4924-B01A-AF9DC4B06DA1}
	EndGlobalSection
EndGlobal
